PATH
  remote: .
  specs:
    statsd-instrument (3.7.0)

GEM
  remote: https://rubygems.org/
  specs:
    ast (2.4.2)
    benchmark-ips (2.13.0)
    diff-lcs (1.5.1)
    json (2.7.1)
    language_server-protocol (3.17.0.3)
    minitest (5.22.3)
    mocha (2.1.0)
      ruby2_keywords (>= 0.0.5)
    parallel (1.24.0)
    parser (3.3.0.5)
      ast (~> 2.4.1)
      racc
    racc (1.7.3)
    rainbow (3.1.1)
    rake (13.1.0)
    regexp_parser (2.9.0)
    rexml (3.2.6)
    rspec (3.13.0)
      rspec-core (~> 3.13.0)
      rspec-expectations (~> 3.13.0)
      rspec-mocks (~> 3.13.0)
    rspec-core (3.13.0)
      rspec-support (~> 3.13.0)
    rspec-expectations (3.13.0)
      diff-lcs (>= 1.2.0, < 2.0)
      rspec-support (~> 3.13.0)
    rspec-mocks (3.13.0)
      diff-lcs (>= 1.2.0, < 2.0)
      rspec-support (~> 3.13.0)
    rspec-support (3.13.1)
    rubocop (1.62.1)
      json (~> 2.3)
      language_server-protocol (>= 3.17.0)
      parallel (~> 1.10)
      parser (>= 3.3.0.2)
      rainbow (>= 2.2.2, < 4.0)
      regexp_parser (>= 1.8, < 3.0)
      rexml (>= 3.2.5, < 4.0)
      rubocop-ast (>= 1.31.1, < 2.0)
      ruby-progressbar (~> 1.7)
      unicode-display_width (>= 2.4.0, < 3.0)
    rubocop-ast (1.31.2)
      parser (>= 3.3.0.4)
    rubocop-shopify (2.15.1)
      rubocop (~> 1.51)
    ruby-progressbar (1.13.0)
    ruby2_keywords (0.0.5)
    unicode-display_width (2.5.0)
    yard (0.9.36)

PLATFORMS
  arm64-darwin-23
  ruby

DEPENDENCIES
  benchmark-ips
  minitest
  mocha
  rake
  rspec
  rubocop (~> 1.61)
  rubocop-shopify
  statsd-instrument!
  yard

BUNDLED WITH
   2.5.3
